{
  "version": "5",
  "specifiers": {
    "jsr:@hono/hono@4": "4.12.12",
    "jsr:@std/assert@1": "1.0.18",
    "jsr:@std/assert@^1.0.17": "1.0.18",
    "jsr:@std/crypto@1": "1.0.5",
    "jsr:@std/dotenv@0.225": "0.225.6",
    "jsr:@std/internal@^1.0.12": "1.0.12",
    "jsr:@std/path@1": "1.1.4",
    "jsr:@std/testing@1": "1.0.17",
    "npm:ventojs@^2.3.1": "2.3.1"
  },
  "jsr": {
    "@hono/hono@4.12.12": {
      "integrity": "dc765178d38b5c4619b358062f6aa5514f7205bb0530b2823ff6265bec69c535"
    },
    "@std/assert@1.0.18": {
      "integrity": "270245e9c2c13b446286de475131dc688ca9abcd94fc5db41d43a219b34d1c78",
      "dependencies": [
        "jsr:@std/internal"
      ]
    },
    "@std/crypto@1.0.5": {
      "integrity": "0dcfbb319fe0bba1bd3af904ceb4f948cde1b92979ec1614528380ed308a3b40"
    },
    "@std/dotenv@0.225.6": {
      "integrity": "1d6f9db72f565bd26790fa034c26e45ecb260b5245417be76c2279e5734c421b"
    },
    "@std/internal@1.0.12": {
      "integrity": "972a634fd5bc34b242024402972cd5143eac68d8dffaca5eaa4dba30ce17b027"
    },
    "@std/path@1.1.4": {
      "integrity": "1d2d43f39efb1b42f0b1882a25486647cb851481862dc7313390b2bb044314b5",
      "dependencies": [
        "jsr:@std/internal"
      ]
    },
    "@std/testing@1.0.17": {
      "integrity": "87bdc2700fa98249d48a17cd72413352d3d3680dcfbdb64947fd0982d6bbf681",
      "dependencies": [
        "jsr:@std/assert@^1.0.17"
      ]
    }
  },
  "npm": {
    "ventojs@2.3.1": {
      "integrity": "sha512-saGBMwQF+TZZJLTixSzwbZl+O5cNdBhMXNYAwegQ+/EsXSllSzrzgrZN7MU07ZOea3M+I/xBTwEFVb0HU6moUw=="
    }
  },
  "workspace": {
    "dependencies": [
      "jsr:@hono/hono@4",
      "jsr:@std/assert@1",
      "jsr:@std/crypto@1",
      "jsr:@std/dotenv@0.225",
      "jsr:@std/path@1",
      "jsr:@std/testing@1",
      "npm:ventojs@^2.3.1"
    ]
  }
}
